// !$*UTF8*$!
{
	archiveVersion = 1;
	classes = {
	};
	objectVersion = 50;
	objects = {

/* Begin PBXBuildFile section */
		0C620F94F2ED00AAC7904410 /* libPods-TabItemsDemo.a in Frameworks */ = {isa = PBXBuildFile; fileRef = 0D153045C8EB1F34B8297B87 /* libPods-TabItemsDemo.a */; };
		7171153021B65A3200363479 /* AppDelegate.m in Sources */ = {isa = PBXBuildFile; fileRef = 7171152F21B65A3200363479 /* AppDelegate.m */; };
		7171153321B65A3200363479 /* ViewController.m in Sources */ = {isa = PBXBuildFile; fileRef = 7171153221B65A3200363479 /* ViewController.m */; };
		7171153621B65A3200363479 /* Main.storyboard in Resources */ = {isa = PBXBuildFile; fileRef = 7171153421B65A3200363479 /* Main.storyboard */; };
		7171153821B65A3400363479 /* Assets.xcassets in Resources */ = {isa = PBXBuildFile; fileRef = 7171153721B65A3400363479 /* Assets.xcassets */; };
		7171153B21B65A3400363479 /* LaunchScreen.storyboard in Resources */ = {isa = PBXBuildFile; fileRef = 7171153921B65A3400363479 /* LaunchScreen.storyboard */; };
		7171153E21B65A3400363479 /* main.m in Sources */ = {isa = PBXBuildFile; fileRef = 7171153D21B65A3400363479 /* main.m */; };
		7171154821B65A3400363479 /* TabItemsDemoTests.m in Sources */ = {isa = PBXBuildFile; fileRef = 7171154721B65A3400363479 /* TabItemsDemoTests.m */; };
		7171155321B65A3400363479 /* TabItemsDemoUITests.m in Sources */ = {isa = PBXBuildFile; fileRef = 7171155221B65A3400363479 /* TabItemsDemoUITests.m */; };
		7171156221B65C0D00363479 /* TabItemsCollectionCell.m in Sources */ = {isa = PBXBuildFile; fileRef = 7171156121B65C0D00363479 /* TabItemsCollectionCell.m */; };
		7171156521B66A6400363479 /* 01.png in Resources */ = {isa = PBXBuildFile; fileRef = 7171156421B66A6400363479 /* 01.png */; };
/* End PBXBuildFile section */

/* Begin PBXContainerItemProxy section */
		7171154421B65A3400363479 /* PBXContainerItemProxy */ = {
			isa = PBXContainerItemProxy;
			containerPortal = 7171152321B65A3200363479 /* Project object */;
			proxyType = 1;
			remoteGlobalIDString = 7171152A21B65A3200363479;
			remoteInfo = TabItemsDemo;
		};
		7171154F21B65A3400363479 /* PBXContainerItemProxy */ = {
			isa = PBXContainerItemProxy;
			containerPortal = 7171152321B65A3200363479 /* Project object */;
			proxyType = 1;
			remoteGlobalIDString = 7171152A21B65A3200363479;
			remoteInfo = TabItemsDemo;
		};
/* End PBXContainerItemProxy section */

/* Begin PBXFileReference section */
		0D153045C8EB1F34B8297B87 /* libPods-TabItemsDemo.a */ = {isa = PBXFileReference; explicitFileType = archive.ar; includeInIndex = 0; path = "libPods-TabItemsDemo.a"; sourceTree = BUILT_PRODUCTS_DIR; };
		7171152B21B65A3200363479 /* TabItemsDemo.app */ = {isa = PBXFileReference; explicitFileType = wrapper.application; includeInIndex = 0; path = TabItemsDemo.app; sourceTree = BUILT_PRODUCTS_DIR; };
		7171152E21B65A3200363479 /* AppDelegate.h */ = {isa = PBXFileReference; lastKnownFileType = sourcecode.c.h; path = AppDelegate.h; sourceTree = "<group>"; };
		7171152F21B65A3200363479 /* AppDelegate.m */ = {isa = PBXFileReference; lastKnownFileType = sourcecode.c.objc; path = AppDelegate.m; sourceTree = "<group>"; };
		7171153121B65A3200363479 /* ViewController.h */ = {isa = PBXFileReference; lastKnownFileType = sourcecode.c.h; path = ViewController.h; sourceTree = "<group>"; };
		7171153221B65A3200363479 /* ViewController.m */ = {isa = PBXFileReference; lastKnownFileType = sourcecode.c.objc; path = ViewController.m; sourceTree = "<group>"; };
		7171153521B65A3200363479 /* Base */ = {isa = PBXFileReference; lastKnownFileType = file.storyboard; name = Base; path = Base.lproj/Main.storyboard; sourceTree = "<group>"; };
		7171153721B65A3400363479 /* Assets.xcassets */ = {isa = PBXFileReference; lastKnownFileType = folder.assetcatalog; path = Assets.xcassets; sourceTree = "<group>"; };
		7171153A21B65A3400363479 /* Base */ = {isa = PBXFileReference; lastKnownFileType = file.storyboard; name = Base; path = Base.lproj/LaunchScreen.storyboard; sourceTree = "<group>"; };
		7171153C21B65A3400363479 /* Info.plist */ = {isa = PBXFileReference; lastKnownFileType = text.plist.xml; path = Info.plist; sourceTree = "<group>"; };
		7171153D21B65A3400363479 /* main.m */ = {isa = PBXFileReference; lastKnownFileType = sourcecode.c.objc; path = main.m; sourceTree = "<group>"; };
		7171154321B65A3400363479 /* TabItemsDemoTests.xctest */ = {isa = PBXFileReference; explicitFileType = wrapper.cfbundle; includeInIndex = 0; path = TabItemsDemoTests.xctest; sourceTree = BUILT_PRODUCTS_DIR; };
		7171154721B65A3400363479 /* TabItemsDemoTests.m */ = {isa = PBXFileReference; lastKnownFileType = sourcecode.c.objc; path = TabItemsDemoTests.m; sourceTree = "<group>"; };
		7171154921B65A3400363479 /* Info.plist */ = {isa = PBXFileReference; lastKnownFileType = text.plist.xml; path = Info.plist; sourceTree = "<group>"; };
		7171154E21B65A3400363479 /* TabItemsDemoUITests.xctest */ = {isa = PBXFileReference; explicitFileType = wrapper.cfbundle; includeInIndex = 0; path = TabItemsDemoUITests.xctest; sourceTree = BUILT_PRODUCTS_DIR; };
		7171155221B65A3400363479 /* TabItemsDemoUITests.m */ = {isa = PBXFileReference; lastKnownFileType = sourcecode.c.objc; path = TabItemsDemoUITests.m; sourceTree = "<group>"; };
		7171155421B65A3400363479 /* Info.plist */ = {isa = PBXFileReference; lastKnownFileType = text.plist.xml; path = Info.plist; sourceTree = "<group>"; };
		7171156021B65C0D00363479 /* TabItemsCollectionCell.h */ = {isa = PBXFileReference; lastKnownFileType = sourcecode.c.h; path = TabItemsCollectionCell.h; sourceTree = "<group>"; };
		7171156121B65C0D00363479 /* TabItemsCollectionCell.m */ = {isa = PBXFileReference; lastKnownFileType = sourcecode.c.objc; path = TabItemsCollectionCell.m; sourceTree = "<group>"; };
		7171156421B66A6400363479 /* 01.png */ = {isa = PBXFileReference; lastKnownFileType = image.png; path = 01.png; sourceTree = "<group>"; };
		89367559F946008572987A00 /* Pods-TabItemsDemo.release.xcconfig */ = {isa = PBXFileReference; includeInIndex = 1; lastKnownFileType = text.xcconfig; name = "Pods-TabItemsDemo.release.xcconfig"; path = "Pods/Target Support Files/Pods-TabItemsDemo/Pods-TabItemsDemo.release.xcconfig"; sourceTree = "<group>"; };
		CF5D59FE64380EFC3491A175 /* Pods-TabItemsDemo.debug.xcconfig */ = {isa = PBXFileReference; includeInIndex = 1; lastKnownFileType = text.xcconfig; name = "Pods-TabItemsDemo.debug.xcconfig"; path = "Pods/Target Support Files/Pods-TabItemsDemo/Pods-TabItemsDemo.debug.xcconfig"; sourceTree = "<group>"; };
/* End PBXFileReference section */

/* Begin PBXFrameworksBuildPhase section */
		7171152821B65A3200363479 /* Frameworks */ = {
			isa = PBXFrameworksBuildPhase;
			buildActionMask = 2147483647;
			files = (
				0C620F94F2ED00AAC7904410 /* libPods-TabItemsDemo.a in Frameworks */,
			);
			runOnlyForDeploymentPostprocessing = 0;
		};
		7171154021B65A3400363479 /* Frameworks */ = {
			isa = PBXFrameworksBuildPhase;
			buildActionMask = 2147483647;
			files = (
			);
			runOnlyForDeploymentPostprocessing = 0;
		};
		7171154B21B65A3400363479 /* Frameworks */ = {
			isa = PBXFrameworksBuildPhase;
			buildActionMask = 2147483647;
			files = (
			);
			runOnlyForDeploymentPostprocessing = 0;
		};
/* End PBXFrameworksBuildPhase section */

/* Begin PBXGroup section */
		7171152221B65A3200363479 = {
			isa = PBXGroup;
			children = (
				7171152D21B65A3200363479 /* TabItemsDemo */,
				7171154621B65A3400363479 /* TabItemsDemoTests */,
				7171155121B65A3400363479 /* TabItemsDemoUITests */,
				7171152C21B65A3200363479 /* Products */,
				DE9CE181E4A6DF5ED0E03D83 /* Pods */,
				F3738A0064DE57B96941BB4B /* Frameworks */,
			);
			sourceTree = "<group>";
		};
		7171152C21B65A3200363479 /* Products */ = {
			isa = PBXGroup;
			children = (
				7171152B21B65A3200363479 /* TabItemsDemo.app */,
				7171154321B65A3400363479 /* TabItemsDemoTests.xctest */,
				7171154E21B65A3400363479 /* TabItemsDemoUITests.xctest */,
			);
			name = Products;
			sourceTree = "<group>";
		};
		7171152D21B65A3200363479 /* TabItemsDemo */ = {
			isa = PBXGroup;
			children = (
				7171156321B66A6400363479 /* img */,
				7171152E21B65A3200363479 /* AppDelegate.h */,
				7171152F21B65A3200363479 /* AppDelegate.m */,
				7171153121B65A3200363479 /* ViewController.h */,
				7171153221B65A3200363479 /* ViewController.m */,
				7171156021B65C0D00363479 /* TabItemsCollectionCell.h */,
				7171156121B65C0D00363479 /* TabItemsCollectionCell.m */,
				7171153421B65A3200363479 /* Main.storyboard */,
				7171153721B65A3400363479 /* Assets.xcassets */,
				7171153921B65A3400363479 /* LaunchScreen.storyboard */,
				7171153C21B65A3400363479 /* Info.plist */,
				7171153D21B65A3400363479 /* main.m */,
			);
			path = TabItemsDemo;
			sourceTree = "<group>";
		};
		7171154621B65A3400363479 /* TabItemsDemoTests */ = {
			isa = PBXGroup;
			children = (
				7171154721B65A3400363479 /* TabItemsDemoTests.m */,
				7171154921B65A3400363479 /* Info.plist */,
			);
			path = TabItemsDemoTests;
			sourceTree = "<group>";
		};
		7171155121B65A3400363479 /* TabItemsDemoUITests */ = {
			isa = PBXGroup;
			children = (
				7171155221B65A3400363479 /* TabItemsDemoUITests.m */,
				7171155421B65A3400363479 /* Info.plist */,
			);
			path = TabItemsDemoUITests;
			sourceTree = "<group>";
		};
		7171156321B66A6400363479 /* img */ = {
			isa = PBXGroup;
			children = (
				7171156421B66A6400363479 /* 01.png */,
			);
			path = img;
			sourceTree = "<group>";
		};
		DE9CE181E4A6DF5ED0E03D83 /* Pods */ = {
			isa = PBXGroup;
			children = (
				CF5D59FE64380EFC3491A175 /* Pods-TabItemsDemo.debug.xcconfig */,
				89367559F946008572987A00 /* Pods-TabItemsDemo.release.xcconfig */,
			);
			name = Pods;
			sourceTree = "<group>";
		};
		F3738A0064DE57B96941BB4B /* Frameworks */ = {
			isa = PBXGroup;
			children = (
				0D153045C8EB1F34B8297B87 /* libPods-TabItemsDemo.a */,
			);
			name = Frameworks;
			sourceTree = "<group>";
		};
/* End PBXGroup section */

/* Begin PBXNativeTarget section */
		7171152A21B65A3200363479 /* TabItemsDemo */ = {
			isa = PBXNativeTarget;
			buildConfigurationList = 7171155721B65A3400363479 /* Build configuration list for PBXNativeTarget "TabItemsDemo" */;
			buildPhases = (
				A1C3521A78336793DE47FBD0 /* [CP] Check Pods Manifest.lock */,
				7171152721B65A3200363479 /* Sources */,
				7171152821B65A3200363479 /* Frameworks */,
				7171152921B65A3200363479 /* Resources */,
			);
			buildRules = (
			);
			dependencies = (
			);
			name = TabItemsDemo;
			productName = TabItemsDemo;
			productReference = 7171152B21B65A3200363479 /* TabItemsDemo.app */;
			productType = "com.apple.product-type.application";
		};
		7171154221B65A3400363479 /* TabItemsDemoTests */ = {
			isa = PBXNativeTarget;
			buildConfigurationList = 7171155A21B65A3400363479 /* Build configuration list for PBXNativeTarget "TabItemsDemoTests" */;
			buildPhases = (
				7171153F21B65A3400363479 /* Sources */,
				7171154021B65A3400363479 /* Frameworks */,
				7171154121B65A3400363479 /* Resources */,
			);
			buildRules = (
			);
			dependencies = (
				7171154521B65A3400363479 /* PBXTargetDependency */,
			);
			name = TabItemsDemoTests;
			productName = TabItemsDemoTests;
			productReference = 7171154321B65A3400363479 /* TabItemsDemoTests.xctest */;
			productType = "com.apple.product-type.bundle.unit-test";
		};
		7171154D21B65A3400363479 /* TabItemsDemoUITests */ = {
			isa = PBXNativeTarget;
			buildConfigurationList = 7171155D21B65A3400363479 /* Build configuration list for PBXNativeTarget "TabItemsDemoUITests" */;
			buildPhases = (
				7171154A21B65A3400363479 /* Sources */,
				7171154B21B65A3400363479 /* Frameworks */,
				7171154C21B65A3400363479 /* Resources */,
			);
			buildRules = (
			);
			dependencies = (
				7171155021B65A3400363479 /* PBXTargetDependency */,
			);
			name = TabItemsDemoUITests;
			productName = TabItemsDemoUITests;
			productReference = 7171154E21B65A3400363479 /* TabItemsDemoUITests.xctest */;
			productType = "com.apple.product-type.bundle.ui-testing";
		};
/* End PBXNativeTarget section */

/* Begin PBXProject section */
		7171152321B65A3200363479 /* Project object */ = {
			isa = PBXProject;
			attributes = {
				LastUpgradeCheck = 1010;
				ORGANIZATIONNAME = "李少锋";
				TargetAttributes = {
					7171152A21B65A3200363479 = {
						CreatedOnToolsVersion = 10.1;
					};
					7171154221B65A3400363479 = {
						CreatedOnToolsVersion = 10.1;
						TestTargetID = 7171152A21B65A3200363479;
					};
					7171154D21B65A3400363479 = {
						CreatedOnToolsVersion = 10.1;
						TestTargetID = 7171152A21B65A3200363479;
					};
				};
			};
			buildConfigurationList = 7171152621B65A3200363479 /* Build configuration list for PBXProject "TabItemsDemo" */;
			compatibilityVersion = "Xcode 9.3";
			developmentRegion = en;
			hasScannedForEncodings = 0;
			knownRegions = (
				en,
				Base,
			);
			mainGroup = 7171152221B65A3200363479;
			productRefGroup = 7171152C21B65A3200363479 /* Products */;
			projectDirPath = "";
			projectRoot = "";
			targets = (
				7171152A21B65A3200363479 /* TabItemsDemo */,
				7171154221B65A3400363479 /* TabItemsDemoTests */,
				7171154D21B65A3400363479 /* TabItemsDemoUITests */,
			);
		};
/* End PBXProject section */

/* Begin PBXResourcesBuildPhase section */
		7171152921B65A3200363479 /* Resources */ = {
			isa = PBXResourcesBuildPhase;
			buildActionMask = 2147483647;
			files = (
				7171153B21B65A3400363479 /* LaunchScreen.storyboard in Resources */,
				7171153821B65A3400363479 /* Assets.xcassets in Resources */,
				7171156521B66A6400363479 /* 01.png in Resources */,
				7171153621B65A3200363479 /* Main.storyboard in Resources */,
			);
			runOnlyForDeploymentPostprocessing = 0;
		};
		7171154121B65A3400363479 /* Resources */ = {
			isa = PBXResourcesBuildPhase;
			buildActionMask = 2147483647;
			files = (
			);
			runOnlyForDeploymentPostprocessing = 0;
		};
		7171154C21B65A3400363479 /* Resources */ = {
			isa = PBXResourcesBuildPhase;
			buildActionMask = 2147483647;
			files = (
			);
			runOnlyForDeploymentPostprocessing = 0;
		};
/* End PBXResourcesBuildPhase section */

/* Begin PBXShellScriptBuildPhase section */
		A1C3521A78336793DE47FBD0 /* [CP] Check Pods Manifest.lock */ = {
			isa = PBXShellScriptBuildPhase;
			buildActionMask = 2147483647;
			files = (
			);
			inputPaths = (
				"${PODS_PODFILE_DIR_PATH}/Podfile.lock",
				"${PODS_ROOT}/Manifest.lock",
			);
			name = "[CP] Check Pods Manifest.lock";
			outputPaths = (
				"$(DERIVED_FILE_DIR)/Pods-TabItemsDemo-checkManifestLockResult.txt",
			);
			runOnlyForDeploymentPostprocessing = 0;
			shellPath = /bin/sh;
			shellScript = "diff \"${PODS_PODFILE_DIR_PATH}/Podfile.lock\" \"${PODS_ROOT}/Manifest.lock\" > /dev/null\nif [ $? != 0 ] ; then\n    # print error to STDERR\n    echo \"error: The sandbox is not in sync with the Podfile.lock. Run 'pod install' or update your CocoaPods installation.\" >&2\n    exit 1\nfi\n# This output is used by Xcode 'outputs' to avoid re-running this script phase.\necho \"SUCCESS\" > \"${SCRIPT_OUTPUT_FILE_0}\"\n";
			showEnvVarsInLog = 0;
		};
/* End PBXShellScriptBuildPhase section */

/* Begin PBXSourcesBuildPhase section */
		7171152721B65A3200363479 /* Sources */ = {
			isa = PBXSourcesBuildPhase;
			buildActionMask = 2147483647;
			files = (
				7171156221B65C0D00363479 /* TabItemsCollectionCell.m in Sources */,
				7171153321B65A3200363479 /* ViewController.m in Sources */,
				7171153E21B65A3400363479 /* main.m in Sources */,
				7171153021B65A3200363479 /* AppDelegate.m in Sources */,
			);
			runOnlyForDeploymentPostprocessing = 0;
		};
		7171153F21B65A3400363479 /* Sources */ = {
			isa = PBXSourcesBuildPhase;
			buildActionMask = 2147483647;
			files = (
				7171154821B65A3400363479 /* TabItemsDemoTests.m in Sources */,
			);
			runOnlyForDeploymentPostprocessing = 0;
		};
		7171154A21B65A3400363479 /* Sources */ = {
			isa = PBXSourcesBuildPhase;
			buildActionMask = 2147483647;
			files = (
				7171155321B65A3400363479 /* TabItemsDemoUITests.m in Sources */,
			);
			runOnlyForDeploymentPostprocessing = 0;
		};
/* End PBXSourcesBuildPhase section */

/* Begin PBXTargetDependency section */
		7171154521B65A3400363479 /* PBXTargetDependency */ = {
			isa = PBXTargetDependency;
			target = 7171152A21B65A3200363479 /* TabItemsDemo */;
			targetProxy = 7171154421B65A3400363479 /* PBXContainerItemProxy */;
		};
		7171155021B65A3400363479 /* PBXTargetDependency */ = {
			isa = PBXTargetDependency;
			target = 7171152A21B65A3200363479 /* TabItemsDemo */;
			targetProxy = 7171154F21B65A3400363479 /* PBXContainerItemProxy */;
		};
/* End PBXTargetDependency section */

/* Begin PBXVariantGroup section */
		7171153421B65A3200363479 /* Main.storyboard */ = {
			isa = PBXVariantGroup;
			children = (
				7171153521B65A3200363479 /* Base */,
			);
			name = Main.storyboard;
			sourceTree = "<group>";
		};
		7171153921B65A3400363479 /* LaunchScreen.storyboard */ = {
			isa = PBXVariantGroup;
			children = (
				7171153A21B65A3400363479 /* Base */,
			);
			name = LaunchScreen.storyboard;
			sourceTree = "<group>";
		};
/* End PBXVariantGroup section */

/* Begin XCBuildConfiguration section */
		7171155521B65A3400363479 /* Debug */ = {
			isa = XCBuildConfiguration;
			buildSettings = {
				ALWAYS_SEARCH_USER_PATHS = NO;
				CLANG_ANALYZER_NONNULL = YES;
				CLANG_ANALYZER_NUMBER_OBJECT_CONVERSION = YES_AGGRESSIVE;
				CLANG_CXX_LANGUAGE_STANDARD = "gnu++14";
				CLANG_CXX_LIBRARY = "libc++";
				CLANG_ENABLE_MODULES = YES;
				CLANG_ENABLE_OBJC_ARC = YES;
				CLANG_ENABLE_OBJC_WEAK = YES;
				CLANG_WARN_BLOCK_CAPTURE_AUTORELEASING = YES;
				CLANG_WARN_BOOL_CONVERSION = YES;
				CLANG_WARN_COMMA = YES;
				CLANG_WARN_CONSTANT_CONVERSION = YES;
				CLANG_WARN_DEPRECATED_OBJC_IMPLEMENTATIONS = YES;
				CLANG_WARN_DIRECT_OBJC_ISA_USAGE = YES_ERROR;
				CLANG_WARN_DOCUMENTATION_COMMENTS = YES;
				CLANG_WARN_EMPTY_BODY = YES;
				CLANG_WARN_ENUM_CONVERSION = YES;
				CLANG_WARN_INFINITE_RECURSION = YES;
				CLANG_WARN_INT_CONVERSION = YES;
				CLANG_WARN_NON_LITERAL_NULL_CONVERSION = YES;
				CLANG_WARN_OBJC_IMPLICIT_RETAIN_SELF = YES;
				CLANG_WARN_OBJC_LITERAL_CONVERSION = YES;
				CLANG_WARN_OBJC_ROOT_CLASS = YES_ERROR;
				CLANG_WARN_RANGE_LOOP_ANALYSIS = YES;
				CLANG_WARN_STRICT_PROTOTYPES = YES;
				CLANG_WARN_SUSPICIOUS_MOVE = YES;
				CLANG_WARN_UNGUARDED_AVAILABILITY = YES_AGGRESSIVE;
				CLANG_WARN_UNREACHABLE_CODE = YES;
				CLANG_WARN__DUPLICATE_METHOD_MATCH = YES;
				CODE_SIGN_IDENTITY = "iPhone Developer";
				COPY_PHASE_STRIP = NO;
				DEBUG_INFORMATION_FORMAT = dwarf;
				ENABLE_STRICT_OBJC_MSGSEND = YES;
				ENABLE_TESTABILITY = YES;
				GCC_C_LANGUAGE_STANDARD = gnu11;
				GCC_DYNAMIC_NO_PIC = NO;
				GCC_NO_COMMON_BLOCKS = YES;
				GCC_OPTIMIZATION_LEVEL = 0;
				GCC_PREPROCESSOR_DEFINITIONS = (
					"DEBUG=1",
					"$(inherited)",
				);
				GCC_WARN_64_TO_32_BIT_CONVERSION = YES;
				GCC_WARN_ABOUT_RETURN_TYPE = YES_ERROR;
				GCC_WARN_UNDECLARED_SELECTOR = YES;
				GCC_WARN_UNINITIALIZED_AUTOS = YES_AGGRESSIVE;
				GCC_WARN_UNUSED_FUNCTION = YES;
				GCC_WARN_UNUSED_VARIABLE = YES;
				IPHONEOS_DEPLOYMENT_TARGET = 12.1;
				MTL_ENABLE_DEBUG_INFO = INCLUDE_SOURCE;
				MTL_FAST_MATH = YES;
				ONLY_ACTIVE_ARCH = YES;
				SDKROOT = iphoneos;
			};
			name = Debug;
		};
		7171155621B65A3400363479 /* Release */ = {
			isa = XCBuildConfiguration;
			buildSettings = {
				ALWAYS_SEARCH_USER_PATHS = NO;
				CLANG_ANALYZER_NONNULL = YES;
				CLANG_ANALYZER_NUMBER_OBJECT_CONVERSION = YES_AGGRESSIVE;
				CLANG_CXX_LANGUAGE_STANDARD = "gnu++14";
				CLANG_CXX_LIBRARY = "libc++";
				CLANG_ENABLE_MODULES = YES;
				CLANG_ENABLE_OBJC_ARC = YES;
				CLANG_ENABLE_OBJC_WEAK = YES;
				CLANG_WARN_BLOCK_CAPTURE_AUTORELEASING = YES;
				CLANG_WARN_BOOL_CONVERSION = YES;
				CLANG_WARN_COMMA = YES;
				CLANG_WARN_CONSTANT_CONVERSION = YES;
				CLANG_WARN_DEPRECATED_OBJC_IMPLEMENTATIONS = YES;
				CLANG_WARN_DIRECT_OBJC_ISA_USAGE = YES_ERROR;
				CLANG_WARN_DOCUMENTATION_COMMENTS = YES;
				CLANG_WARN_EMPTY_BODY = YES;
				CLANG_WARN_ENUM_CONVERSION = YES;
				CLANG_WARN_INFINITE_RECURSION = YES;
				CLANG_WARN_INT_CONVERSION = YES;
				CLANG_WARN_NON_LITERAL_NULL_CONVERSION = YES;
				CLANG_WARN_OBJC_IMPLICIT_RETAIN_SELF = YES;
				CLANG_WARN_OBJC_LITERAL_CONVERSION = YES;
				CLANG_WARN_OBJC_ROOT_CLASS = YES_ERROR;
				CLANG_WARN_RANGE_LOOP_ANALYSIS = YES;
				CLANG_WARN_STRICT_PROTOTYPES = YES;
				CLANG_WARN_SUSPICIOUS_MOVE = YES;
				CLANG_WARN_UNGUARDED_AVAILABILITY = YES_AGGRESSIVE;
				CLANG_WARN_UNREACHABLE_CODE = YES;
				CLANG_WARN__DUPLICATE_METHOD_MATCH = YES;
				CODE_SIGN_IDENTITY = "iPhone Developer";
				COPY_PHASE_STRIP = NO;
				DEBUG_INFORMATION_FORMAT = "dwarf-with-dsym";
				ENABLE_NS_ASSERTIONS = NO;
				ENABLE_STRICT_OBJC_MSGSEND = YES;
				GCC_C_LANGUAGE_STANDARD = gnu11;
				GCC_NO_COMMON_BLOCKS = YES;
				GCC_WARN_64_TO_32_BIT_CONVERSION = YES;
				GCC_WARN_ABOUT_RETURN_TYPE = YES_ERROR;
				GCC_WARN_UNDECLARED_SELECTOR = YES;
				GCC_WARN_UNINITIALIZED_AUTOS = YES_AGGRESSIVE;
				GCC_WARN_UNUSED_FUNCTION = YES;
				GCC_WARN_UNUSED_VARIABLE = YES;
				IPHONEOS_DEPLOYMENT_TARGET = 12.1;
				MTL_ENABLE_DEBUG_INFO = NO;
				MTL_FAST_MATH = YES;
				SDKROOT = iphoneos;
				VALIDATE_PRODUCT = YES;
			};
			name = Release;
		};
		7171155821B65A3400363479 /* Debug */ = {
			isa = XCBuildConfiguration;
			baseConfigurationReference = CF5D59FE64380EFC3491A175 /* Pods-TabItemsDemo.debug.xcconfig */;
			buildSettings = {
				ASSETCATALOG_COMPILER_APPICON_NAME = AppIcon;
				CODE_SIGN_STYLE = Automatic;
				DEVELOPMENT_TEAM = BH8H77TR8E;
				INFOPLIST_FILE = TabItemsDemo/Info.plist;
				IPHONEOS_DEPLOYMENT_TARGET = 8.0;
				LD_RUNPATH_SEARCH_PATHS = (
					"$(inherited)",
					"@executable_path/Frameworks",
				);
				PRODUCT_BUNDLE_IDENTIFIER = lsf.TabItemsDemo;
				PRODUCT_NAME = "$(TARGET_NAME)";
				TARGETED_DEVICE_FAMILY = "1,2";
			};
			name = Debug;
		};
		7171155921B65A3400363479 /* Release */ = {
			isa = XCBuildConfiguration;
			baseConfigurationReference = 89367559F946008572987A00 /* Pods-TabItemsDemo.release.xcconfig */;
			buildSettings = {
				ASSETCATALOG_COMPILER_APPICON_NAME = AppIcon;
				CODE_SIGN_STYLE = Automatic;
				DEVELOPMENT_TEAM = BH8H77TR8E;
				INFOPLIST_FILE = TabItemsDemo/Info.plist;
				IPHONEOS_DEPLOYMENT_TARGET = 8.0;
				LD_RUNPATH_SEARCH_PATHS = (
					"$(inherited)",
					"@executable_path/Frameworks",
				);
				PRODUCT_BUNDLE_IDENTIFIER = lsf.TabItemsDemo;
				PRODUCT_NAME = "$(TARGET_NAME)";
				TARGETED_DEVICE_FAMILY = "1,2";
			};
			name = Release;
		};
		7171155B21B65A3400363479 /* Debug */ = {
			isa = XCBuildConfiguration;
			buildSettings = {
				BUNDLE_LOADER = "$(TEST_HOST)";
				CODE_SIGN_STYLE = Automatic;
				DEVELOPMENT_TEAM = BH8H77TR8E;
				INFOPLIST_FILE = TabItemsDemoTests/Info.plist;
				LD_RUNPATH_SEARCH_PATHS = (
					"$(inherited)",
					"@executable_path/Frameworks",
					"@loader_path/Frameworks",
				);
				PRODUCT_BUNDLE_IDENTIFIER = lsf.TabItemsDemoTests;
				PRODUCT_NAME = "$(TARGET_NAME)";
				TARGETED_DEVICE_FAMILY = "1,2";
				TEST_HOST = "$(BUILT_PRODUCTS_DIR)/TabItemsDemo.app/TabItemsDemo";
			};
			name = Debug;
		};
		7171155C21B65A3400363479 /* Release */ = {
			isa = XCBuildConfiguration;
			buildSettings = {
				BUNDLE_LOADER = "$(TEST_HOST)";
				CODE_SIGN_STYLE = Automatic;
				DEVELOPMENT_TEAM = BH8H77TR8E;
				INFOPLIST_FILE = TabItemsDemoTests/Info.plist;
				LD_RUNPATH_SEARCH_PATHS = (
					"$(inherited)",
					"@executable_path/Frameworks",
					"@loader_path/Frameworks",
				);
				PRODUCT_BUNDLE_IDENTIFIER = lsf.TabItemsDemoTests;
				PRODUCT_NAME = "$(TARGET_NAME)";
				TARGETED_DEVICE_FAMILY = "1,2";
				TEST_HOST = "$(BUILT_PRODUCTS_DIR)/TabItemsDemo.app/TabItemsDemo";
			};
			name = Release;
		};
		7171155E21B65A3400363479 /* Debug */ = {
			isa = XCBuildConfiguration;
			buildSettings = {
				CODE_SIGN_STYLE = Automatic;
				DEVELOPMENT_TEAM = BH8H77TR8E;
				INFOPLIST_FILE = TabItemsDemoUITests/Info.plist;
				LD_RUNPATH_SEARCH_PATHS = (
					"$(inherited)",
					"@executable_path/Frameworks",
					"@loader_path/Frameworks",
				);
				PRODUCT_BUNDLE_IDENTIFIER = lsf.TabItemsDemoUITests;
				PRODUCT_NAME = "$(TARGET_NAME)";
				TARGETED_DEVICE_FAMILY = "1,2";
				TEST_TARGET_NAME = TabItemsDemo;
			};
			name = Debug;
		};
		7171155F21B65A3400363479 /* Release */ = {
			isa = XCBuildConfiguration;
			buildSettings = {
				CODE_SIGN_STYLE = Automatic;
				DEVELOPMENT_TEAM = BH8H77TR8E;
				INFOPLIST_FILE = TabItemsDemoUITests/Info.plist;
				LD_RUNPATH_SEARCH_PATHS = (
					"$(inherited)",
					"@executable_path/Frameworks",
					"@loader_path/Frameworks",
				);
				PRODUCT_BUNDLE_IDENTIFIER = lsf.TabItemsDemoUITests;
				PRODUCT_NAME = "$(TARGET_NAME)";
				TARGETED_DEVICE_FAMILY = "1,2";
				TEST_TARGET_NAME = TabItemsDemo;
			};
			name = Release;
		};
/* End XCBuildConfiguration section */

/* Begin XCConfigurationList section */
		7171152621B65A3200363479 /* Build configuration list for PBXProject "TabItemsDemo" */ = {
			isa = XCConfigurationList;
			buildConfigurations = (
				7171155521B65A3400363479 /* Debug */,
				7171155621B65A3400363479 /* Release */,
			);
			defaultConfigurationIsVisible = 0;
			defaultConfigurationName = Release;
		};
		7171155721B65A3400363479 /* Build configuration list for PBXNativeTarget "TabItemsDemo" */ = {
			isa = XCConfigurationList;
			buildConfigurations = (
				7171155821B65A3400363479 /* Debug */,
				7171155921B65A3400363479 /* Release */,
			);
			defaultConfigurationIsVisible = 0;
			defaultConfigurationName = Release;
		};
		7171155A21B65A3400363479 /* Build configuration list for PBXNativeTarget "TabItemsDemoTests" */ = {
			isa = XCConfigurationList;
			buildConfigurations = (
				7171155B21B65A3400363479 /* Debug */,
				7171155C21B65A3400363479 /* Release */,
			);
			defaultConfigurationIsVisible = 0;
			defaultConfigurationName = Release;
		};
		7171155D21B65A3400363479 /* Build configuration list for PBXNativeTarget "TabItemsDemoUITests" */ = {
			isa = XCConfigurationList;
			buildConfigurations = (
				7171155E21B65A3400363479 /* Debug */,
				7171155F21B65A3400363479 /* Release */,
			);
			defaultConfigurationIsVisible = 0;
			defaultConfigurationName = Release;
		};
/* End XCConfigurationList section */
	};
	rootObject = 7171152321B65A3200363479 /* Project object */;
}
